// !$*UTF8*$!
{
	archiveVersion = 1;
	classes = {
	};
	objectVersion = 46;
	objects = {

/* Begin PBXBuildFile section */
		14EFDB8BB03B2C23CA27414A /* Pods_BasicTests.framework in Frameworks */ = {isa = PBXBuildFile; fileRef = FA26A32E623A502B230FA6D5 /* Pods_BasicTests.framework */; };
		7B7492025BBF61758185999E /* Pods_Basic.framework in Frameworks */ = {isa = PBXBuildFile; fileRef = 2AB70FA0FA5215B9A2B3EA91 /* Pods_Basic.framework */; };
		9E80198B1F70C19700885F5F /* main.m in Sources */ = {isa = PBXBuildFile; fileRef = 9E80198A1F70C19700885F5F /* main.m */; };
		9E80198E1F70C19700885F5F /* AppDelegate.m in Sources */ = {isa = PBXBuildFile; fileRef = 9E80198D1F70C19700885F5F /* AppDelegate.m */; };
		9E8019911F70C19700885F5F /* ViewController.m in Sources */ = {isa = PBXBuildFile; fileRef = 9E8019901F70C19700885F5F /* ViewController.m */; };
		9E8019941F70C19700885F5F /* Main.storyboard in Resources */ = {isa = PBXBuildFile; fileRef = 9E8019921F70C19700885F5F /* Main.storyboard */; };
		9E8019961F70C19800885F5F /* Assets.xcassets in Resources */ = {isa = PBXBuildFile; fileRef = 9E8019951F70C19700885F5F /* Assets.xcassets */; };
		9E8019991F70C19800885F5F /* LaunchScreen.storyboard in Resources */ = {isa = PBXBuildFile; fileRef = 9E8019971F70C19800885F5F /* LaunchScreen.storyboard */; };
		9E8019A41F70C19800885F5F /* BasicTests.m in Sources */ = {isa = PBXBuildFile; fileRef = 9E8019A31F70C19800885F5F /* BasicTests.m */; };
		9E8019AF1F70C19800885F5F /* BasicUITests.m in Sources */ = {isa = PBXBuildFile; fileRef = 9E8019AE1F70C19800885F5F /* BasicUITests.m */; };
		AA3A00F773CCDF68E4D33490 /* Pods_BasicUITests.framework in Frameworks */ = {isa = PBXBuildFile; fileRef = 20FF98595A0975A14AF89167 /* Pods_BasicUITests.framework */; };
/* End PBXBuildFile section */

/* Begin PBXContainerItemProxy section */
		9E8019A01F70C19800885F5F /* PBXContainerItemProxy */ = {
			isa = PBXContainerItemProxy;
			containerPortal = 9E80197E1F70C19700885F5F /* Project object */;
			proxyType = 1;
			remoteGlobalIDString = 9E8019851F70C19700885F5F;
			remoteInfo = Basic;
		};
		9E8019AB1F70C19800885F5F /* PBXContainerItemProxy */ = {
			isa = PBXContainerItemProxy;
			containerPortal = 9E80197E1F70C19700885F5F /* Project object */;
			proxyType = 1;
			remoteGlobalIDString = 9E8019851F70C19700885F5F;
			remoteInfo = Basic;
		};
/* End PBXContainerItemProxy section */

/* Begin PBXFileReference section */
		09F7B2CC6DC2915F928265B2 /* Pods-BasicUITests.release.xcconfig */ = {isa = PBXFileReference; includeInIndex = 1; lastKnownFileType = text.xcconfig; name = "Pods-BasicUITests.release.xcconfig"; path = "Pods/Target Support Files/Pods-BasicUITests/Pods-BasicUITests.release.xcconfig"; sourceTree = "<group>"; };
		126A53903CF28CEBBE5C27CD /* Pods-Basic.release.xcconfig */ = {isa = PBXFileReference; includeInIndex = 1; lastKnownFileType = text.xcconfig; name = "Pods-Basic.release.xcconfig"; path = "Pods/Target Support Files/Pods-Basic/Pods-Basic.release.xcconfig"; sourceTree = "<group>"; };
		20FF98595A0975A14AF89167 /* Pods_BasicUITests.framework */ = {isa = PBXFileReference; explicitFileType = wrapper.framework; includeInIndex = 0; path = Pods_BasicUITests.framework; sourceTree = BUILT_PRODUCTS_DIR; };
		262D994AD16E1F3E0549F8B6 /* Pods-Basic.debug.xcconfig */ = {isa = PBXFileReference; includeInIndex = 1; lastKnownFileType = text.xcconfig; name = "Pods-Basic.debug.xcconfig"; path = "Pods/Target Support Files/Pods-Basic/Pods-Basic.debug.xcconfig"; sourceTree = "<group>"; };
		2AB70FA0FA5215B9A2B3EA91 /* Pods_Basic.framework */ = {isa = PBXFileReference; explicitFileType = wrapper.framework; includeInIndex = 0; path = Pods_Basic.framework; sourceTree = BUILT_PRODUCTS_DIR; };
		504A2DE1B224C8E080F424A0 /* Pods-BasicTests.debug.xcconfig */ = {isa = PBXFileReference; includeInIndex = 1; lastKnownFileType = text.xcconfig; name = "Pods-BasicTests.debug.xcconfig"; path = "Pods/Target Support Files/Pods-BasicTests/Pods-BasicTests.debug.xcconfig"; sourceTree = "<group>"; };
		9E8019861F70C19700885F5F /* Basic.app */ = {isa = PBXFileReference; explicitFileType = wrapper.application; includeInIndex = 0; path = Basic.app; sourceTree = BUILT_PRODUCTS_DIR; };
		9E80198A1F70C19700885F5F /* main.m */ = {isa = PBXFileReference; lastKnownFileType = sourcecode.c.objc; path = main.m; sourceTree = "<group>"; };
		9E80198C1F70C19700885F5F /* AppDelegate.h */ = {isa = PBXFileReference; lastKnownFileType = sourcecode.c.h; path = AppDelegate.h; sourceTree = "<group>"; };
		9E80198D1F70C19700885F5F /* AppDelegate.m */ = {isa = PBXFileReference; lastKnownFileType = sourcecode.c.objc; path = AppDelegate.m; sourceTree = "<group>"; };
		9E80198F1F70C19700885F5F /* ViewController.h */ = {isa = PBXFileReference; lastKnownFileType = sourcecode.c.h; path = ViewController.h; sourceTree = "<group>"; };
		9E8019901F70C19700885F5F /* ViewController.m */ = {isa = PBXFileReference; lastKnownFileType = sourcecode.c.objc; path = ViewController.m; sourceTree = "<group>"; };
		9E8019931F70C19700885F5F /* Base */ = {isa = PBXFileReference; lastKnownFileType = file.storyboard; name = Base; path = Base.lproj/Main.storyboard; sourceTree = "<group>"; };
		9E8019951F70C19700885F5F /* Assets.xcassets */ = {isa = PBXFileReference; lastKnownFileType = folder.assetcatalog; path = Assets.xcassets; sourceTree = "<group>"; };
		9E8019981F70C19800885F5F /* Base */ = {isa = PBXFileReference; lastKnownFileType = file.storyboard; name = Base; path = Base.lproj/LaunchScreen.storyboard; sourceTree = "<group>"; };
		9E80199A1F70C19800885F5F /* Info.plist */ = {isa = PBXFileReference; lastKnownFileType = text.plist.xml; path = Info.plist; sourceTree = "<group>"; };
		9E80199F1F70C19800885F5F /* BasicTests.xctest */ = {isa = PBXFileReference; explicitFileType = wrapper.cfbundle; includeInIndex = 0; path = BasicTests.xctest; sourceTree = BUILT_PRODUCTS_DIR; };
		9E8019A31F70C19800885F5F /* BasicTests.m */ = {isa = PBXFileReference; lastKnownFileType = sourcecode.c.objc; path = BasicTests.m; sourceTree = "<group>"; };
		9E8019A51F70C19800885F5F /* Info.plist */ = {isa = PBXFileReference; lastKnownFileType = text.plist.xml; path = Info.plist; sourceTree = "<group>"; };
		9E8019AA1F70C19800885F5F /* BasicUITests.xctest */ = {isa = PBXFileReference; explicitFileType = wrapper.cfbundle; includeInIndex = 0; path = BasicUITests.xctest; sourceTree = BUILT_PRODUCTS_DIR; };
		9E8019AE1F70C19800885F5F /* BasicUITests.m */ = {isa = PBXFileReference; lastKnownFileType = sourcecode.c.objc; path = BasicUITests.m; sourceTree = "<group>"; };
		9E8019B01F70C19800885F5F /* Info.plist */ = {isa = PBXFileReference; lastKnownFileType = text.plist.xml; path = Info.plist; sourceTree = "<group>"; };
		AEC15AD6D1E45F4CB34EE516 /* Pods-BasicTests.release.xcconfig */ = {isa = PBXFileReference; includeInIndex = 1; lastKnownFileType = text.xcconfig; name = "Pods-BasicTests.release.xcconfig"; path = "Pods/Target Support Files/Pods-BasicTests/Pods-BasicTests.release.xcconfig"; sourceTree = "<group>"; };
		FA26A32E623A502B230FA6D5 /* Pods_BasicTests.framework */ = {isa = PBXFileReference; explicitFileType = wrapper.framework; includeInIndex = 0; path = Pods_BasicTests.framework; sourceTree = BUILT_PRODUCTS_DIR; };
		FE871EFAD846629866C35174 /* Pods-BasicUITests.debug.xcconfig */ = {isa = PBXFileReference; includeInIndex = 1; lastKnownFileType = text.xcconfig; name = "Pods-BasicUITests.debug.xcconfig"; path = "Pods/Target Support Files/Pods-BasicUITests/Pods-BasicUITests.debug.xcconfig"; sourceTree = "<group>"; };
/* End PBXFileReference section */

/* Begin PBXFrameworksBuildPhase section */
		9E8019831F70C19700885F5F /* Frameworks */ = {
			isa = PBXFrameworksBuildPhase;
			buildActionMask = 2147483647;
			files = (
				7B7492025BBF61758185999E /* Pods_Basic.framework in Frameworks */,
			);
			runOnlyForDeploymentPostprocessing = 0;
		};
		9E80199C1F70C19800885F5F /* Frameworks */ = {
			isa = PBXFrameworksBuildPhase;
			buildActionMask = 2147483647;
			files = (
				14EFDB8BB03B2C23CA27414A /* Pods_BasicTests.framework in Frameworks */,
			);
			runOnlyForDeploymentPostprocessing = 0;
		};
		9E8019A71F70C19800885F5F /* Frameworks */ = {
			isa = PBXFrameworksBuildPhase;
			buildActionMask = 2147483647;
			files = (
				AA3A00F773CCDF68E4D33490 /* Pods_BasicUITests.framework in Frameworks */,
			);
			runOnlyForDeploymentPostprocessing = 0;
		};
/* End PBXFrameworksBuildPhase section */

/* Begin PBXGroup section */
		9E80197D1F70C19700885F5F = {
			isa = PBXGroup;
			children = (
				9E8019881F70C19700885F5F /* Basic */,
				9E8019A21F70C19800885F5F /* BasicTests */,
				9E8019AD1F70C19800885F5F /* BasicUITests */,
				9E8019871F70C19700885F5F /* Products */,
				E863A39ED6158A8CE24E996D /* Pods */,
				CA1F76C93E24B2640FE9F67F /* Frameworks */,
			);
			sourceTree = "<group>";
		};
		9E8019871F70C19700885F5F /* Products */ = {
			isa = PBXGroup;
			children = (
				9E8019861F70C19700885F5F /* Basic.app */,
				9E80199F1F70C19800885F5F /* BasicTests.xctest */,
				9E8019AA1F70C19800885F5F /* BasicUITests.xctest */,
			);
			name = Products;
			sourceTree = "<group>";
		};
		9E8019881F70C19700885F5F /* Basic */ = {
			isa = PBXGroup;
			children = (
				9E80198C1F70C19700885F5F /* AppDelegate.h */,
				9E80198D1F70C19700885F5F /* AppDelegate.m */,
				9E80198F1F70C19700885F5F /* ViewController.h */,
				9E8019901F70C19700885F5F /* ViewController.m */,
				9E8019921F70C19700885F5F /* Main.storyboard */,
				9E8019951F70C19700885F5F /* Assets.xcassets */,
				9E8019971F70C19800885F5F /* LaunchScreen.storyboard */,
				9E80199A1F70C19800885F5F /* Info.plist */,
				9E8019891F70C19700885F5F /* Supporting Files */,
			);
			path = Basic;
			sourceTree = "<group>";
		};
		9E8019891F70C19700885F5F /* Supporting Files */ = {
			isa = PBXGroup;
			children = (
				9E80198A1F70C19700885F5F /* main.m */,
			);
			name = "Supporting Files";
			sourceTree = "<group>";
		};
		9E8019A21F70C19800885F5F /* BasicTests */ = {
			isa = PBXGroup;
			children = (
				9E8019A31F70C19800885F5F /* BasicTests.m */,
				9E8019A51F70C19800885F5F /* Info.plist */,
			);
			path = BasicTests;
			sourceTree = "<group>";
		};
		9E8019AD1F70C19800885F5F /* BasicUITests */ = {
			isa = PBXGroup;
			children = (
				9E8019AE1F70C19800885F5F /* BasicUITests.m */,
				9E8019B01F70C19800885F5F /* Info.plist */,
			);
			path = BasicUITests;
			sourceTree = "<group>";
		};
		CA1F76C93E24B2640FE9F67F /* Frameworks */ = {
			isa = PBXGroup;
			children = (
				2AB70FA0FA5215B9A2B3EA91 /* Pods_Basic.framework */,
				FA26A32E623A502B230FA6D5 /* Pods_BasicTests.framework */,
				20FF98595A0975A14AF89167 /* Pods_BasicUITests.framework */,
			);
			name = Frameworks;
			sourceTree = "<group>";
		};
		E863A39ED6158A8CE24E996D /* Pods */ = {
			isa = PBXGroup;
			children = (
				262D994AD16E1F3E0549F8B6 /* Pods-Basic.debug.xcconfig */,
				126A53903CF28CEBBE5C27CD /* Pods-Basic.release.xcconfig */,
				504A2DE1B224C8E080F424A0 /* Pods-BasicTests.debug.xcconfig */,
				AEC15AD6D1E45F4CB34EE516 /* Pods-BasicTests.release.xcconfig */,
				FE871EFAD846629866C35174 /* Pods-BasicUITests.debug.xcconfig */,
				09F7B2CC6DC2915F928265B2 /* Pods-BasicUITests.release.xcconfig */,
			);
			name = Pods;
			sourceTree = "<group>";
		};
/* End PBXGroup section */

/* Begin PBXNativeTarget section */
		9E8019851F70C19700885F5F /* Basic */ = {
			isa = PBXNativeTarget;
			buildConfigurationList = 9E8019B31F70C19800885F5F /* Build configuration list for PBXNativeTarget "Basic" */;
			buildPhases = (
				3E0A6CEF060E4701522837F7 /* [CP] Check Pods Manifest.lock */,
				9E8019821F70C19700885F5F /* Sources */,
				9E8019831F70C19700885F5F /* Frameworks */,
				9E8019841F70C19700885F5F /* Resources */,
				20B716F3FFED1A53264DECAA /* [CP] Embed Pods Frameworks */,
				805D1E6437CC1D2066E0F22F /* [CP] Copy Pods Resources */,
			);
			buildRules = (
			);
			dependencies = (
			);
			name = Basic;
			productName = Basic;
			productReference = 9E8019861F70C19700885F5F /* Basic.app */;
			productType = "com.apple.product-type.application";
		};
		9E80199E1F70C19800885F5F /* BasicTests */ = {
			isa = PBXNativeTarget;
			buildConfigurationList = 9E8019B61F70C19800885F5F /* Build configuration list for PBXNativeTarget "BasicTests" */;
			buildPhases = (
				57435ADFE8CCF36F45B40F50 /* [CP] Check Pods Manifest.lock */,
				9E80199B1F70C19800885F5F /* Sources */,
				9E80199C1F70C19800885F5F /* Frameworks */,
				9E80199D1F70C19800885F5F /* Resources */,
				2C9888ED62D15DF073230D01 /* [CP] Embed Pods Frameworks */,
				C29182496B284AC9D6BA10E3 /* [CP] Copy Pods Resources */,
			);
			buildRules = (
			);
			dependencies = (
				9E8019A11F70C19800885F5F /* PBXTargetDependency */,
			);
			name = BasicTests;
			productName = BasicTests;
			productReference = 9E80199F1F70C19800885F5F /* BasicTests.xctest */;
			productType = "com.apple.product-type.bundle.unit-test";
		};
		9E8019A91F70C19800885F5F /* BasicUITests */ = {
			isa = PBXNativeTarget;
			buildConfigurationList = 9E8019B91F70C19800885F5F /* Build configuration list for PBXNativeTarget "BasicUITests" */;
			buildPhases = (
				A0BE37AF2F8C8969875FBA49 /* [CP] Check Pods Manifest.lock */,
				9E8019A61F70C19800885F5F /* Sources */,
				9E8019A71F70C19800885F5F /* Frameworks */,
				9E8019A81F70C19800885F5F /* Resources */,
				15ECF8D646B0D7BEA9AC3087 /* [CP] Embed Pods Frameworks */,
				BEEA95850A44DF5B35786B22 /* [CP] Copy Pods Resources */,
			);
			buildRules = (
			);
			dependencies = (
				9E8019AC1F70C19800885F5F /* PBXTargetDependency */,
			);
			name = BasicUITests;
			productName = BasicUITests;
			productReference = 9E8019AA1F70C19800885F5F /* BasicUITests.xctest */;
			productType = "com.apple.product-type.bundle.ui-testing";
		};
/* End PBXNativeTarget section */

/* Begin PBXProject section */
		9E80197E1F70C19700885F5F /* Project object */ = {
			isa = PBXProject;
			attributes = {
				LastUpgradeCheck = 0810;
				ORGANIZATIONNAME = "胡金东";
				TargetAttributes = {
					9E8019851F70C19700885F5F = {
						CreatedOnToolsVersion = 8.1;
						DevelopmentTeam = F3WKH9T58E;
						ProvisioningStyle = Automatic;
					};
					9E80199E1F70C19800885F5F = {
						CreatedOnToolsVersion = 8.1;
						DevelopmentTeam = F3WKH9T58E;
						ProvisioningStyle = Automatic;
						TestTargetID = 9E8019851F70C19700885F5F;
					};
					9E8019A91F70C19800885F5F = {
						CreatedOnToolsVersion = 8.1;
						DevelopmentTeam = F3WKH9T58E;
						ProvisioningStyle = Automatic;
						TestTargetID = 9E8019851F70C19700885F5F;
					};
				};
			};
			buildConfigurationList = 9E8019811F70C19700885F5F /* Build configuration list for PBXProject "Basic" */;
			compatibilityVersion = "Xcode 3.2";
			developmentRegion = English;
			hasScannedForEncodings = 0;
			knownRegions = (
				en,
				Base,
			);
			mainGroup = 9E80197D1F70C19700885F5F;
			productRefGroup = 9E8019871F70C19700885F5F /* Products */;
			projectDirPath = "";
			projectRoot = "";
			targets = (
				9E8019851F70C19700885F5F /* Basic */,
				9E80199E1F70C19800885F5F /* BasicTests */,
				9E8019A91F70C19800885F5F /* BasicUITests */,
			);
		};
/* End PBXProject section */

/* Begin PBXResourcesBuildPhase section */
		9E8019841F70C19700885F5F /* Resources */ = {
			isa = PBXResourcesBuildPhase;
			buildActionMask = 2147483647;
			files = (
				9E8019991F70C19800885F5F /* LaunchScreen.storyboard in Resources */,
				9E8019961F70C19800885F5F /* Assets.xcassets in Resources */,
				9E8019941F70C19700885F5F /* Main.storyboard in Resources */,
			);
			runOnlyForDeploymentPostprocessing = 0;
		};
		9E80199D1F70C19800885F5F /* Resources */ = {
			isa = PBXResourcesBuildPhase;
			buildActionMask = 2147483647;
			files = (
			);
			runOnlyForDeploymentPostprocessing = 0;
		};
		9E8019A81F70C19800885F5F /* Resources */ = {
			isa = PBXResourcesBuildPhase;
			buildActionMask = 2147483647;
			files = (
			);
			runOnlyForDeploymentPostprocessing = 0;
		};
/* End PBXResourcesBuildPhase section */

/* Begin PBXShellScriptBuildPhase section */
		15ECF8D646B0D7BEA9AC3087 /* [CP] Embed Pods Frameworks */ = {
			isa = PBXShellScriptBuildPhase;
			buildActionMask = 2147483647;
			files = (
			);
			inputPaths = (
			);
			name = "[CP] Embed Pods Frameworks";
			outputPaths = (
			);
			runOnlyForDeploymentPostprocessing = 0;
			shellPath = /bin/sh;
			shellScript = "\"${SRCROOT}/Pods/Target Support Files/Pods-BasicUITests/Pods-BasicUITests-frameworks.sh\"\n";
			showEnvVarsInLog = 0;
		};
		20B716F3FFED1A53264DECAA /* [CP] Embed Pods Frameworks */ = {
			isa = PBXShellScriptBuildPhase;
			buildActionMask = 2147483647;
			files = (
			);
			inputPaths = (
				"${SRCROOT}/Pods/Target Support Files/Pods-Basic/Pods-Basic-frameworks.sh",
				"${BUILT_PRODUCTS_DIR}/Basic/Basic.framework",
			);
			name = "[CP] Embed Pods Frameworks";
			outputPaths = (
				"${TARGET_BUILD_DIR}/${FRAMEWORKS_FOLDER_PATH}/Basic.framework",
			);
			runOnlyForDeploymentPostprocessing = 0;
			shellPath = /bin/sh;
			shellScript = "\"${SRCROOT}/Pods/Target Support Files/Pods-Basic/Pods-Basic-frameworks.sh\"\n";
			showEnvVarsInLog = 0;
		};
		2C9888ED62D15DF073230D01 /* [CP] Embed Pods Frameworks */ = {
			isa = PBXShellScriptBuildPhase;
			buildActionMask = 2147483647;
			files = (
			);
			inputPaths = (
			);
			name = "[CP] Embed Pods Frameworks";
			outputPaths = (
			);
			runOnlyForDeploymentPostprocessing = 0;
			shellPath = /bin/sh;
			shellScript = "\"${SRCROOT}/Pods/Target Support Files/Pods-BasicTests/Pods-BasicTests-frameworks.sh\"\n";
			showEnvVarsInLog = 0;
		};
		3E0A6CEF060E4701522837F7 /* [CP] Check Pods Manifest.lock */ = {
			isa = PBXShellScriptBuildPhase;
			buildActionMask = 2147483647;
			files = (
			);
			inputPaths = (
				"${PODS_PODFILE_DIR_PATH}/Podfile.lock",
				"${PODS_ROOT}/Manifest.lock",
			);
			name = "[CP] Check Pods Manifest.lock";
			outputPaths = (
				"$(DERIVED_FILE_DIR)/Pods-Basic-checkManifestLockResult.txt",
			);
			runOnlyForDeploymentPostprocessing = 0;
			shellPath = /bin/sh;
			shellScript = "diff \"${PODS_PODFILE_DIR_PATH}/Podfile.lock\" \"${PODS_ROOT}/Manifest.lock\" > /dev/null\nif [ $? != 0 ] ; then\n    # print error to STDERR\n    echo \"error: The sandbox is not in sync with the Podfile.lock. Run 'pod install' or update your CocoaPods installation.\" >&2\n    exit 1\nfi\n# This output is used by Xcode 'outputs' to avoid re-running this script phase.\necho \"SUCCESS\" > \"${SCRIPT_OUTPUT_FILE_0}\"\n";
			showEnvVarsInLog = 0;
		};
		57435ADFE8CCF36F45B40F50 /* [CP] Check Pods Manifest.lock */ = {
			isa = PBXShellScriptBuildPhase;
			buildActionMask = 2147483647;
			files = (
			);
			inputPaths = (
				"${PODS_PODFILE_DIR_PATH}/Podfile.lock",
				"${PODS_ROOT}/Manifest.lock",
			);
			name = "[CP] Check Pods Manifest.lock";
			outputPaths = (
				"$(DERIVED_FILE_DIR)/Pods-BasicTests-checkManifestLockResult.txt",
			);
			runOnlyForDeploymentPostprocessing = 0;
			shellPath = /bin/sh;
			shellScript = "diff \"${PODS_PODFILE_DIR_PATH}/Podfile.lock\" \"${PODS_ROOT}/Manifest.lock\" > /dev/null\nif [ $? != 0 ] ; then\n    # print error to STDERR\n    echo \"error: The sandbox is not in sync with the Podfile.lock. Run 'pod install' or update your CocoaPods installation.\" >&2\n    exit 1\nfi\n# This output is used by Xcode 'outputs' to avoid re-running this script phase.\necho \"SUCCESS\" > \"${SCRIPT_OUTPUT_FILE_0}\"\n";
			showEnvVarsInLog = 0;
		};
		805D1E6437CC1D2066E0F22F /* [CP] Copy Pods Resources */ = {
			isa = PBXShellScriptBuildPhase;
			buildActionMask = 2147483647;
			files = (
			);
			inputPaths = (
			);
			name = "[CP] Copy Pods Resources";
			outputPaths = (
			);
			runOnlyForDeploymentPostprocessing = 0;
			shellPath = /bin/sh;
			shellScript = "\"${SRCROOT}/Pods/Target Support Files/Pods-Basic/Pods-Basic-resources.sh\"\n";
			showEnvVarsInLog = 0;
		};
		A0BE37AF2F8C8969875FBA49 /* [CP] Check Pods Manifest.lock */ = {
			isa = PBXShellScriptBuildPhase;
			buildActionMask = 2147483647;
			files = (
			);
			inputPaths = (
				"${PODS_PODFILE_DIR_PATH}/Podfile.lock",
				"${PODS_ROOT}/Manifest.lock",
			);
			name = "[CP] Check Pods Manifest.lock";
			outputPaths = (
				"$(DERIVED_FILE_DIR)/Pods-BasicUITests-checkManifestLockResult.txt",
			);
			runOnlyForDeploymentPostprocessing = 0;
			shellPath = /bin/sh;
			shellScript = "diff \"${PODS_PODFILE_DIR_PATH}/Podfile.lock\" \"${PODS_ROOT}/Manifest.lock\" > /dev/null\nif [ $? != 0 ] ; then\n    # print error to STDERR\n    echo \"error: The sandbox is not in sync with the Podfile.lock. Run 'pod install' or update your CocoaPods installation.\" >&2\n    exit 1\nfi\n# This output is used by Xcode 'outputs' to avoid re-running this script phase.\necho \"SUCCESS\" > \"${SCRIPT_OUTPUT_FILE_0}\"\n";
			showEnvVarsInLog = 0;
		};
		BEEA95850A44DF5B35786B22 /* [CP] Copy Pods Resources */ = {
			isa = PBXShellScriptBuildPhase;
			buildActionMask = 2147483647;
			files = (
			);
			inputPaths = (
			);
			name = "[CP] Copy Pods Resources";
			outputPaths = (
			);
			runOnlyForDeploymentPostprocessing = 0;
			shellPath = /bin/sh;
			shellScript = "\"${SRCROOT}/Pods/Target Support Files/Pods-BasicUITests/Pods-BasicUITests-resources.sh\"\n";
			showEnvVarsInLog = 0;
		};
		C29182496B284AC9D6BA10E3 /* [CP] Copy Pods Resources */ = {
			isa = PBXShellScriptBuildPhase;
			buildActionMask = 2147483647;
			files = (
			);
			inputPaths = (
			);
			name = "[CP] Copy Pods Resources";
			outputPaths = (
			);
			runOnlyForDeploymentPostprocessing = 0;
			shellPath = /bin/sh;
			shellScript = "\"${SRCROOT}/Pods/Target Support Files/Pods-BasicTests/Pods-BasicTests-resources.sh\"\n";
			showEnvVarsInLog = 0;
		};
/* End PBXShellScriptBuildPhase section */

/* Begin PBXSourcesBuildPhase section */
		9E8019821F70C19700885F5F /* Sources */ = {
			isa = PBXSourcesBuildPhase;
			buildActionMask = 2147483647;
			files = (
				9E8019911F70C19700885F5F /* ViewController.m in Sources */,
				9E80198E1F70C19700885F5F /* AppDelegate.m in Sources */,
				9E80198B1F70C19700885F5F /* main.m in Sources */,
			);
			runOnlyForDeploymentPostprocessing = 0;
		};
		9E80199B1F70C19800885F5F /* Sources */ = {
			isa = PBXSourcesBuildPhase;
			buildActionMask = 2147483647;
			files = (
				9E8019A41F70C19800885F5F /* BasicTests.m in Sources */,
			);
			runOnlyForDeploymentPostprocessing = 0;
		};
		9E8019A61F70C19800885F5F /* Sources */ = {
			isa = PBXSourcesBuildPhase;
			buildActionMask = 2147483647;
			files = (
				9E8019AF1F70C19800885F5F /* BasicUITests.m in Sources */,
			);
			runOnlyForDeploymentPostprocessing = 0;
		};
/* End PBXSourcesBuildPhase section */

/* Begin PBXTargetDependency section */
		9E8019A11F70C19800885F5F /* PBXTargetDependency */ = {
			isa = PBXTargetDependency;
			target = 9E8019851F70C19700885F5F /* Basic */;
			targetProxy = 9E8019A01F70C19800885F5F /* PBXContainerItemProxy */;
		};
		9E8019AC1F70C19800885F5F /* PBXTargetDependency */ = {
			isa = PBXTargetDependency;
			target = 9E8019851F70C19700885F5F /* Basic */;
			targetProxy = 9E8019AB1F70C19800885F5F /* PBXContainerItemProxy */;
		};
/* End PBXTargetDependency section */

/* Begin PBXVariantGroup section */
		9E8019921F70C19700885F5F /* Main.storyboard */ = {
			isa = PBXVariantGroup;
			children = (
				9E8019931F70C19700885F5F /* Base */,
			);
			name = Main.storyboard;
			sourceTree = "<group>";
		};
		9E8019971F70C19800885F5F /* LaunchScreen.storyboard */ = {
			isa = PBXVariantGroup;
			children = (
				9E8019981F70C19800885F5F /* Base */,
			);
			name = LaunchScreen.storyboard;
			sourceTree = "<group>";
		};
/* End PBXVariantGroup section */

/* Begin XCBuildConfiguration section */
		9E8019B11F70C19800885F5F /* Debug */ = {
			isa = XCBuildConfiguration;
			buildSettings = {
				ALWAYS_SEARCH_USER_PATHS = NO;
				CLANG_ANALYZER_NONNULL = YES;
				CLANG_CXX_LANGUAGE_STANDARD = "gnu++0x";
				CLANG_CXX_LIBRARY = "libc++";
				CLANG_ENABLE_MODULES = YES;
				CLANG_ENABLE_OBJC_ARC = YES;
				CLANG_WARN_BOOL_CONVERSION = YES;
				CLANG_WARN_CONSTANT_CONVERSION = YES;
				CLANG_WARN_DIRECT_OBJC_ISA_USAGE = YES_ERROR;
				CLANG_WARN_DOCUMENTATION_COMMENTS = YES;
				CLANG_WARN_EMPTY_BODY = YES;
				CLANG_WARN_ENUM_CONVERSION = YES;
				CLANG_WARN_INFINITE_RECURSION = YES;
				CLANG_WARN_INT_CONVERSION = YES;
				CLANG_WARN_OBJC_ROOT_CLASS = YES_ERROR;
				CLANG_WARN_SUSPICIOUS_MOVES = YES;
				CLANG_WARN_UNREACHABLE_CODE = YES;
				CLANG_WARN__DUPLICATE_METHOD_MATCH = YES;
				"CODE_SIGN_IDENTITY[sdk=iphoneos*]" = "iPhone Developer";
				COPY_PHASE_STRIP = NO;
				DEBUG_INFORMATION_FORMAT = dwarf;
				ENABLE_STRICT_OBJC_MSGSEND = YES;
				ENABLE_TESTABILITY = YES;
				GCC_C_LANGUAGE_STANDARD = gnu99;
				GCC_DYNAMIC_NO_PIC = NO;
				GCC_NO_COMMON_BLOCKS = YES;
				GCC_OPTIMIZATION_LEVEL = 0;
				GCC_PREPROCESSOR_DEFINITIONS = (
					"DEBUG=1",
					"$(inherited)",
				);
				GCC_WARN_64_TO_32_BIT_CONVERSION = YES;
				GCC_WARN_ABOUT_RETURN_TYPE = YES_ERROR;
				GCC_WARN_UNDECLARED_SELECTOR = YES;
				GCC_WARN_UNINITIALIZED_AUTOS = YES_AGGRESSIVE;
				GCC_WARN_UNUSED_FUNCTION = YES;
				GCC_WARN_UNUSED_VARIABLE = YES;
				IPHONEOS_DEPLOYMENT_TARGET = 10.1;
				MTL_ENABLE_DEBUG_INFO = YES;
				ONLY_ACTIVE_ARCH = YES;
				SDKROOT = iphoneos;
			};
			name = Debug;
		};
		9E8019B21F70C19800885F5F /* Release */ = {
			isa = XCBuildConfiguration;
			buildSettings = {
				ALWAYS_SEARCH_USER_PATHS = NO;
				CLANG_ANALYZER_NONNULL = YES;
				CLANG_CXX_LANGUAGE_STANDARD = "gnu++0x";
				CLANG_CXX_LIBRARY = "libc++";
				CLANG_ENABLE_MODULES = YES;
				CLANG_ENABLE_OBJC_ARC = YES;
				CLANG_WARN_BOOL_CONVERSION = YES;
				CLANG_WARN_CONSTANT_CONVERSION = YES;
				CLANG_WARN_DIRECT_OBJC_ISA_USAGE = YES_ERROR;
				CLANG_WARN_DOCUMENTATION_COMMENTS = YES;
				CLANG_WARN_EMPTY_BODY = YES;
				CLANG_WARN_ENUM_CONVERSION = YES;
				CLANG_WARN_INFINITE_RECURSION = YES;
				CLANG_WARN_INT_CONVERSION = YES;
				CLANG_WARN_OBJC_ROOT_CLASS = YES_ERROR;
				CLANG_WARN_SUSPICIOUS_MOVES = YES;
				CLANG_WARN_UNREACHABLE_CODE = YES;
				CLANG_WARN__DUPLICATE_METHOD_MATCH = YES;
				"CODE_SIGN_IDENTITY[sdk=iphoneos*]" = "iPhone Developer";
				COPY_PHASE_STRIP = NO;
				DEBUG_INFORMATION_FORMAT = "dwarf-with-dsym";
				ENABLE_NS_ASSERTIONS = NO;
				ENABLE_STRICT_OBJC_MSGSEND = YES;
				GCC_C_LANGUAGE_STANDARD = gnu99;
				GCC_NO_COMMON_BLOCKS = YES;
				GCC_WARN_64_TO_32_BIT_CONVERSION = YES;
				GCC_WARN_ABOUT_RETURN_TYPE = YES_ERROR;
				GCC_WARN_UNDECLARED_SELECTOR = YES;
				GCC_WARN_UNINITIALIZED_AUTOS = YES_AGGRESSIVE;
				GCC_WARN_UNUSED_FUNCTION = YES;
				GCC_WARN_UNUSED_VARIABLE = YES;
				IPHONEOS_DEPLOYMENT_TARGET = 10.1;
				MTL_ENABLE_DEBUG_INFO = NO;
				SDKROOT = iphoneos;
				VALIDATE_PRODUCT = YES;
			};
			name = Release;
		};
		9E8019B41F70C19800885F5F /* Debug */ = {
			isa = XCBuildConfiguration;
			baseConfigurationReference = 262D994AD16E1F3E0549F8B6 /* Pods-Basic.debug.xcconfig */;
			buildSettings = {
				ASSETCATALOG_COMPILER_APPICON_NAME = AppIcon;
				DEVELOPMENT_TEAM = F3WKH9T58E;
				INFOPLIST_FILE = Basic/Info.plist;
				LD_RUNPATH_SEARCH_PATHS = "$(inherited) @executable_path/Frameworks";
				PRODUCT_BUNDLE_IDENTIFIER = com.dayou.Basic;
				PRODUCT_NAME = "$(TARGET_NAME)";
			};
			name = Debug;
		};
		9E8019B51F70C19800885F5F /* Release */ = {
			isa = XCBuildConfiguration;
			baseConfigurationReference = 126A53903CF28CEBBE5C27CD /* Pods-Basic.release.xcconfig */;
			buildSettings = {
				ASSETCATALOG_COMPILER_APPICON_NAME = AppIcon;
				DEVELOPMENT_TEAM = F3WKH9T58E;
				INFOPLIST_FILE = Basic/Info.plist;
				LD_RUNPATH_SEARCH_PATHS = "$(inherited) @executable_path/Frameworks";
				PRODUCT_BUNDLE_IDENTIFIER = com.dayou.Basic;
				PRODUCT_NAME = "$(TARGET_NAME)";
			};
			name = Release;
		};
		9E8019B71F70C19800885F5F /* Debug */ = {
			isa = XCBuildConfiguration;
			baseConfigurationReference = 504A2DE1B224C8E080F424A0 /* Pods-BasicTests.debug.xcconfig */;
			buildSettings = {
				BUNDLE_LOADER = "$(TEST_HOST)";
				DEVELOPMENT_TEAM = F3WKH9T58E;
				INFOPLIST_FILE = BasicTests/Info.plist;
				LD_RUNPATH_SEARCH_PATHS = "$(inherited) @executable_path/Frameworks @loader_path/Frameworks";
				PRODUCT_BUNDLE_IDENTIFIER = com.dayou.BasicTests;
				PRODUCT_NAME = "$(TARGET_NAME)";
				TEST_HOST = "$(BUILT_PRODUCTS_DIR)/Basic.app/Basic";
			};
			name = Debug;
		};
		9E8019B81F70C19800885F5F /* Release */ = {
			isa = XCBuildConfiguration;
			baseConfigurationReference = AEC15AD6D1E45F4CB34EE516 /* Pods-BasicTests.release.xcconfig */;
			buildSettings = {
				BUNDLE_LOADER = "$(TEST_HOST)";
				DEVELOPMENT_TEAM = F3WKH9T58E;
				INFOPLIST_FILE = BasicTests/Info.plist;
				LD_RUNPATH_SEARCH_PATHS = "$(inherited) @executable_path/Frameworks @loader_path/Frameworks";
				PRODUCT_BUNDLE_IDENTIFIER = com.dayou.BasicTests;
				PRODUCT_NAME = "$(TARGET_NAME)";
				TEST_HOST = "$(BUILT_PRODUCTS_DIR)/Basic.app/Basic";
			};
			name = Release;
		};
		9E8019BA1F70C19800885F5F /* Debug */ = {
			isa = XCBuildConfiguration;
			baseConfigurationReference = FE871EFAD846629866C35174 /* Pods-BasicUITests.debug.xcconfig */;
			buildSettings = {
				DEVELOPMENT_TEAM = F3WKH9T58E;
				INFOPLIST_FILE = BasicUITests/Info.plist;
				LD_RUNPATH_SEARCH_PATHS = "$(inherited) @executable_path/Frameworks @loader_path/Frameworks";
				PRODUCT_BUNDLE_IDENTIFIER = com.dayou.BasicUITests;
				PRODUCT_NAME = "$(TARGET_NAME)";
				TEST_TARGET_NAME = Basic;
			};
			name = Debug;
		};
		9E8019BB1F70C19800885F5F /* Release */ = {
			isa = XCBuildConfiguration;
			baseConfigurationReference = 09F7B2CC6DC2915F928265B2 /* Pods-BasicUITests.release.xcconfig */;
			buildSettings = {
				DEVELOPMENT_TEAM = F3WKH9T58E;
				INFOPLIST_FILE = BasicUITests/Info.plist;
				LD_RUNPATH_SEARCH_PATHS = "$(inherited) @executable_path/Frameworks @loader_path/Frameworks";
				PRODUCT_BUNDLE_IDENTIFIER = com.dayou.BasicUITests;
				PRODUCT_NAME = "$(TARGET_NAME)";
				TEST_TARGET_NAME = Basic;
			};
			name = Release;
		};
/* End XCBuildConfiguration section */

/* Begin XCConfigurationList section */
		9E8019811F70C19700885F5F /* Build configuration list for PBXProject "Basic" */ = {
			isa = XCConfigurationList;
			buildConfigurations = (
				9E8019B11F70C19800885F5F /* Debug */,
				9E8019B21F70C19800885F5F /* Release */,
			);
			defaultConfigurationIsVisible = 0;
			defaultConfigurationName = Release;
		};
		9E8019B31F70C19800885F5F /* Build configuration list for PBXNativeTarget "Basic" */ = {
			isa = XCConfigurationList;
			buildConfigurations = (
				9E8019B41F70C19800885F5F /* Debug */,
				9E8019B51F70C19800885F5F /* Release */,
			);
			defaultConfigurationIsVisible = 0;
		};
		9E8019B61F70C19800885F5F /* Build configuration list for PBXNativeTarget "BasicTests" */ = {
			isa = XCConfigurationList;
			buildConfigurations = (
				9E8019B71F70C19800885F5F /* Debug */,
				9E8019B81F70C19800885F5F /* Release */,
			);
			defaultConfigurationIsVisible = 0;
		};
		9E8019B91F70C19800885F5F /* Build configuration list for PBXNativeTarget "BasicUITests" */ = {
			isa = XCConfigurationList;
			buildConfigurations = (
				9E8019BA1F70C19800885F5F /* Debug */,
				9E8019BB1F70C19800885F5F /* Release */,
			);
			defaultConfigurationIsVisible = 0;
		};
/* End XCConfigurationList section */
	};
	rootObject = 9E80197E1F70C19700885F5F /* Project object */;
}
